{
  "lockfile_version": "1",
  "packages": {
    "nixfmt@0.6.0": {
      "last_modified": "2024-04-02T11:59:43Z",
      "resolved": "github:NixOS/nixpkgs/4b455dc2048f73a79eb3713f342369ff58f93e0b#nixfmt",
      "source": "devbox-search",
      "version": "0.6.0",
      "systems": {
        "aarch64-darwin": {
          "outputs": [
            {
              "name": "bin",
              "path": "/nix/store/rmm7lnjpv0rk84jwagjpl03iy9sj3flr-nixfmt-0.6.0-bin",
              "default": true
            },
            {
              "name": "doc",
              "path": "/nix/store/qixa3k5h6pf7p4albi9cnl4ip6nxky2l-nixfmt-0.6.0-doc"
            },
            {
              "name": "out",
              "path": "/nix/store/kgwl97k28id7igw8bk73c7s4lvib8yj1-nixfmt-0.6.0"
            }
          ],
          "store_path": "/nix/store/rmm7lnjpv0rk84jwagjpl03iy9sj3flr-nixfmt-0.6.0-bin"
        },
        "aarch64-linux": {
          "outputs": [
            {
              "name": "bin",
              "path": "/nix/store/3wh266flhkc3rla0wxisrbwvgwpwz18v-nixfmt-0.6.0-bin",
              "default": true
            },
            {
              "name": "doc",
              "path": "/nix/store/cwsjahhpkm7c5jazb3xc0d4m72z6q0q6-nixfmt-0.6.0-doc"
            },
            {
              "name": "out",
              "path": "/nix/store/1zpyhzc3slis08rng2878qwrfxjm23al-nixfmt-0.6.0"
            }
          ],
          "store_path": "/nix/store/3wh266flhkc3rla0wxisrbwvgwpwz18v-nixfmt-0.6.0-bin"
        },
        "x86_64-darwin": {
          "outputs": [
            {
              "name": "bin",
              "path": "/nix/store/nvxnlfd4av2ai16mvqjv5mrsbf0r0sxg-nixfmt-0.6.0-bin",
              "default": true
            },
            {
              "name": "out",
              "path": "/nix/store/nfi1yr0wy3ak8f86gg650mg26wd93pld-nixfmt-0.6.0"
            },
            {
              "name": "doc",
              "path": "/nix/store/j0ndpnzjw9qjk8qhsvr3hf309v40ybgx-nixfmt-0.6.0-doc"
            }
          ],
          "store_path": "/nix/store/nvxnlfd4av2ai16mvqjv5mrsbf0r0sxg-nixfmt-0.6.0-bin"
        },
        "x86_64-linux": {
          "outputs": [
            {
              "name": "bin",
              "path": "/nix/store/q4k3kb94fb9bgd76aa4plj4lksipbl52-nixfmt-0.6.0-bin",
              "default": true
            },
            {
              "name": "doc",
              "path": "/nix/store/83xc19p9yrzpnixs3i6hxb3zsma4d8mf-nixfmt-0.6.0-doc"
            },
            {
              "name": "out",
              "path": "/nix/store/a53qdzp29zy15q50ig3rysnwi2is29r5-nixfmt-0.6.0"
            }
          ],
          "store_path": "/nix/store/q4k3kb94fb9bgd76aa4plj4lksipbl52-nixfmt-0.6.0-bin"
        }
      }
    }
  }
}
